
Microsoft Visual Studio Solution File, Format Version 12.00
# Visual Studio Version 17
VisualStudioVersion = 17.3.32708.82
MinimumVisualStudioVersion = 10.0.40219.1
Project("{FAE04EC0-301F-11D3-BF4B-00C04F79EFBC}") = "sshmngr", "sshmngr\sshmngr.csproj", "{D3ED01C5-54A0-44BC-96D0-461701648E33}"
EndProject
Global
	GlobalSection(SolutionConfigurationPlatforms) = preSolution
		Debug|Any CPU = Debug|Any CPU
		Release|Any CPU = Release|Any CPU
	EndGlobalSection
	GlobalSection(ProjectConfigurationPlatforms) = postSolution
		{D3ED01C5-54A0-44BC-96D0-461701648E33}.Debug|Any CPU.ActiveCfg = Debug|Any CPU
		{D3ED01C5-54A0-44BC-96D0-461701648E33}.Debug|Any CPU.Build.0 = Debug|Any CPU
		{D3ED01C5-54A0-44BC-96D0-461701648E33}.Release|Any CPU.ActiveCfg = Release|Any CPU
		{D3ED01C5-54A0-44BC-96D0-461701648E33}.Release|Any CPU.Build.0 = Release|Any CPU
	EndGlobalSection
	GlobalSection(SolutionProperties) = preSolution
		HideSolutionNode = FALSE
	EndGlobalSection
	GlobalSection(ExtensibilityGlobals) = postSolution
		SolutionGuid = {2F4A965E-0607-4B46-B8B8-7A780A79AEF8}
	EndGlobalSection
EndGlobal
